
Microsoft Visual Studio Solution File, Format Version 12.00
# Visual Studio Version 16
VisualStudioVersion = 16.0.31702.278
MinimumVisualStudioVersion = 10.0.40219.1
Project("{FAE04EC0-301F-11D3-BF4B-00C04F79EFBC}") = "PS.Console", "PS.Console\PS.Console.csproj", "{54FF49D2-6E1E-4F14-8396-D7B7AC17CFEA}"
EndProject
Project("{FAE04EC0-301F-11D3-BF4B-00C04F79EFBC}") = "PS.Domain", "PS.Domain\PS.Domain.csproj", "{63F4E8F6-39B8-4FD1-A109-0C11F1C02CAC}"
EndProject
Global
	GlobalSection(SolutionConfigurationPlatforms) = preSolution
		Debug|Any CPU = Debug|Any CPU
		Release|Any CPU = Release|Any CPU
	EndGlobalSection
	GlobalSection(ProjectConfigurationPlatforms) = postSolution
		{54FF49D2-6E1E-4F14-8396-D7B7AC17CFEA}.Debug|Any CPU.ActiveCfg = Debug|Any CPU
		{54FF49D2-6E1E-4F14-8396-D7B7AC17CFEA}.Debug|Any CPU.Build.0 = Debug|Any CPU
		{54FF49D2-6E1E-4F14-8396-D7B7AC17CFEA}.Release|Any CPU.ActiveCfg = Release|Any CPU
		{54FF49D2-6E1E-4F14-8396-D7B7AC17CFEA}.Release|Any CPU.Build.0 = Release|Any CPU
		{63F4E8F6-39B8-4FD1-A109-0C11F1C02CAC}.Debug|Any CPU.ActiveCfg = Debug|Any CPU
		{63F4E8F6-39B8-4FD1-A109-0C11F1C02CAC}.Debug|Any CPU.Build.0 = Debug|Any CPU
		{63F4E8F6-39B8-4FD1-A109-0C11F1C02CAC}.Release|Any CPU.ActiveCfg = Release|Any CPU
		{63F4E8F6-39B8-4FD1-A109-0C11F1C02CAC}.Release|Any CPU.Build.0 = Release|Any CPU
	EndGlobalSection
	GlobalSection(SolutionProperties) = preSolution
		HideSolutionNode = FALSE
	EndGlobalSection
	GlobalSection(ExtensibilityGlobals) = postSolution
		SolutionGuid = {3BC5D7B3-6F25-45FA-98ED-8887116A20F9}
	EndGlobalSection
EndGlobal
